dependencies:
  '@cloudflare/kv-asset-handler': 0.1.1
lockfileVersion: 5.2
packages:
  /@cloudflare/kv-asset-handler/0.1.1:
    dependencies:
      '@cloudflare/workers-types': 2.2.1
      '@types/mime': 2.0.3
      mime: 2.5.2
    dev: false
    resolution:
      integrity: sha512-loZzVTXfoSKsZ/VVeHGuRlQFcxUEmTPIyWx3Zti9/lShfhETZJ90nKpbvoWps7P60kILWpILE/5EfHDiumfYEQ==
  /@cloudflare/workers-types/2.2.1:
    dev: false
    resolution:
      integrity: sha512-gxI3CytBWzdtvQ7tu3I1biYN6QU18OInYKfOL5Twlbs4dRTx4ib5/2FrzwYaPFFfCg5ocy38aG1A/69satjXBQ==
  /@types/mime/2.0.3:
    dev: false
    resolution:
      integrity: sha512-Jus9s4CDbqwocc5pOAnh8ShfrnMcPHuJYzVcSUU7lrh8Ni5HuIqX3oilL86p3dlTrk0LzHRCgA/GQ7uNCw6l2Q==
  /mime/2.5.2:
    dev: false
    engines:
      node: '>=4.0.0'
    hasBin: true
    resolution:
      integrity: sha512-tqkh47FzKeCPD2PUiPB6pkbMzsCasjxAfC62/Wap5qrUWcb+sFasXUC5I3gYM5iBM8v/Qpn4UK0x+j0iHyFPDg==
specifiers:
  '@cloudflare/kv-asset-handler': ^0.1.0
