lockfileVersion: 5.4

specifiers:
  '@cloudflare/kv-asset-handler': ^0.2.0

dependencies:
  '@cloudflare/kv-asset-handler': 0.2.0

packages:

  /@cloudflare/kv-asset-handler/0.2.0:
    resolution: {integrity: sha512-MVbXLbTcAotOPUj0pAMhVtJ+3/kFkwJqc5qNOleOZTv6QkZZABDMS21dSrSlVswEHwrpWC03e4fWytjqKvuE2A==}
    dependencies:
      mime: 3.0.0
    dev: false

  /mime/3.0.0:
    resolution: {integrity: sha512-jSCU7/VB1loIWBZe14aEYHU/+1UMEHoaO7qxCOVJOw9GgH72VAWppxNcjU+x9a2k3GSIBXNKxXQFqRvvZ7vr3A==}
    engines: {node: '>=10.0.0'}
    hasBin: true
    dev: false
