# THIS IS AN AUTOGENERATED FILE. DO NOT EDIT THIS FILE DIRECTLY.
# yarn lockfile v1


"@cloudflare/kv-asset-handler@^0.1.0":
  "integrity" "sha512-sXZRw/Z5JJfi/nGh66SECSm5L2zomyf6f9O3nc5QOI11/R3W/4N+BPOecp/Dc8eL/q/Rwgb7lwhhjnqy8O5CYA=="
  "resolved" "https://registry.npmjs.org/@cloudflare/kv-asset-handler/-/kv-asset-handler-0.1.0.tgz"
  "version" "0.1.0"
  dependencies:
    "@cloudflare/workers-types" "^2.0.0"
    "@types/mime" "^2.0.2"
    "mime" "^2.4.6"

"@cloudflare/workers-types@^2.0.0":
  "integrity" "sha512-VmXaHTq0lt6Xre4aK1hUK25hjZjuEUkHtdUEt0FJamv+NzQO54Gwp6Zr5Cfu6SP5EQ/tTmTMP/tK9npA8zhcCg=="
  "resolved" "https://registry.npmjs.org/@cloudflare/workers-types/-/workers-types-2.1.0.tgz"
  "version" "2.1.0"

"@types/mime@^2.0.2":
  "integrity" "sha512-Jus9s4CDbqwocc5pOAnh8ShfrnMcPHuJYzVcSUU7lrh8Ni5HuIqX3oilL86p3dlTrk0LzHRCgA/GQ7uNCw6l2Q=="
  "resolved" "https://registry.npmjs.org/@types/mime/-/mime-2.0.3.tgz"
  "version" "2.0.3"

"mime@^2.4.6":
  "integrity" "sha512-ft3WayFSFUVBuJj7BMLKAQcSlItKtfjsKDDsii3rqFDAZ7t11zRe8ASw/GlmivGwVUYtwkQrxiGGpL6gFvB0ag=="
  "resolved" "https://registry.npmjs.org/mime/-/mime-2.5.0.tgz"
  "version" "2.5.0"
