# This file is generated by running "yarn install" inside your project.
# Manual changes might be lost - proceed with caution!

__metadata:
  version: 4
  cacheKey: 7

"@cloudflare/kv-asset-handler@npm:^0.1.0":
  version: 0.1.0
  resolution: "@cloudflare/kv-asset-handler@npm:0.1.0"
  dependencies:
    "@cloudflare/workers-types": ^2.0.0
    "@types/mime": ^2.0.2
    mime: ^2.4.6
  checksum: fda3e307f3384bb1d5405eafceb52c72ec07256b120c397ff0fd1df30a79bcee65621da089e226ad16b99affb1ff18bc78e7a767f3017971000f47aec4713367
  languageName: node
  linkType: hard

"@cloudflare/workers-types@npm:^2.0.0":
  version: 2.1.0
  resolution: "@cloudflare/workers-types@npm:2.1.0"
  checksum: eb0c01d78c05c6ba4dce5267c678b18788d358a56939e0e9669b547d47612ed57451a8f0c3cc092ac3a6e1d31d2190d5479cd8b57ed8953fc8cd136fe97206ed
  languageName: node
  linkType: hard

"@types/mime@npm:^2.0.2":
  version: 2.0.3
  resolution: "@types/mime@npm:2.0.3"
  checksum: 6df548a912494f8579d548cd883be0425f30eaa2922283335c405e270600f49045a06d766460c0f0edabb41dff570c614d174d3c52215de3bddd11f190ec9ae9
  languageName: node
  linkType: hard

"mime@npm:^2.4.6":
  version: 2.4.7
  resolution: "mime@npm:2.4.7"
  bin:
    mime: cli.js
  checksum: ec0290ce2011f47ce99f93758b68f188e69c10676d2a1a0386518b921b47dc9c411d58237a82d5122971e5f945d57409894f84d37a5a9c57a0f00be78714d75e
  languageName: node
  linkType: hard

"worker@workspace:.":
  version: 0.0.0-use.local
  resolution: "worker@workspace:."
  dependencies:
    "@cloudflare/kv-asset-handler": ^0.1.0
  languageName: unknown
  linkType: soft
