# THIS IS AN AUTOGENERATED FILE. DO NOT EDIT THIS FILE DIRECTLY.
# yarn lockfile v1


"@cloudflare/kv-asset-handler@^0.1.0":
  version "0.1.0"
  resolved "https://registry.yarnpkg.com/@cloudflare/kv-asset-handler/-/kv-asset-handler-0.1.0.tgz#0febbf4ac6dd04d2c069405cffdcc7cf64b95494"
  integrity sha512-sXZRw/Z5JJfi/nGh66SECSm5L2zomyf6f9O3nc5QOI11/R3W/4N+BPOecp/Dc8eL/q/Rwgb7lwhhjnqy8O5CYA==
  dependencies:
    "@cloudflare/workers-types" "^2.0.0"
    "@types/mime" "^2.0.2"
    mime "^2.4.6"

"@cloudflare/workers-types@^2.0.0":
  version "2.1.0"
  resolved "https://registry.yarnpkg.com/@cloudflare/workers-types/-/workers-types-2.1.0.tgz#6e4f07567f4c914ad811c2d7a6172d0ae834c7f6"
  integrity sha512-VmXaHTq0lt6Xre4aK1hUK25hjZjuEUkHtdUEt0FJamv+NzQO54Gwp6Zr5Cfu6SP5EQ/tTmTMP/tK9npA8zhcCg==

"@types/mime@^2.0.2":
  version "2.0.3"
  resolved "https://registry.yarnpkg.com/@types/mime/-/mime-2.0.3.tgz#c893b73721db73699943bfc3653b1deb7faa4a3a"
  integrity sha512-Jus9s4CDbqwocc5pOAnh8ShfrnMcPHuJYzVcSUU7lrh8Ni5HuIqX3oilL86p3dlTrk0LzHRCgA/GQ7uNCw6l2Q==

mime@^2.4.6:
  version "2.4.7"
  resolved "https://registry.yarnpkg.com/mime/-/mime-2.4.7.tgz#962aed9be0ed19c91fd7dc2ece5d7f4e89a90d74"
  integrity sha512-dhNd1uA2u397uQk3Nv5LM4lm93WYDUXFn3Fu291FJerns4jyTudqhIWe4W04YLy7Uk1tm1Ore04NpjRvQp/NPA==
